
Microsoft Visual Studio Solution File, Format Version 12.00
# Visual Studio 14
VisualStudioVersion = 14.0.25420.1
MinimumVisualStudioVersion = 10.0.40219.1
Project("{FAE04EC0-301F-11D3-BF4B-00C04F79EFBC}") = "ConApp2015_2", "ConApp2015_2\ConApp2015_2.csproj", "{FCA7F1E7-2878-40FB-84D4-BC265EA117EF}"
EndProject
Global
	GlobalSection(SolutionConfigurationPlatforms) = preSolution
		Debug|Any CPU = Debug|Any CPU
		Release|Any CPU = Release|Any CPU
	EndGlobalSection
	GlobalSection(ProjectConfigurationPlatforms) = postSolution
		{FCA7F1E7-2878-40FB-84D4-BC265EA117EF}.Debug|Any CPU.ActiveCfg = Debug|Any CPU
		{FCA7F1E7-2878-40FB-84D4-BC265EA117EF}.Debug|Any CPU.Build.0 = Debug|Any CPU
		{FCA7F1E7-2878-40FB-84D4-BC265EA117EF}.Release|Any CPU.ActiveCfg = Release|Any CPU
		{FCA7F1E7-2878-40FB-84D4-BC265EA117EF}.Release|Any CPU.Build.0 = Release|Any CPU
	EndGlobalSection
	GlobalSection(SolutionProperties) = preSolution
		HideSolutionNode = FALSE
	EndGlobalSection
EndGlobal
